
Microsoft Visual Studio Solution File, Format Version 12.00
# Visual Studio Version 16
VisualStudioVersion = 16.0.31205.134
MinimumVisualStudioVersion = 10.0.40219.1
Project("{FAE04EC0-301F-11D3-BF4B-00C04F79EFBC}") = "Mobile App Student Degree Planner.Android", "Mobile App Student Degree Planner.Android\Mobile App Student Degree Planner.Android.csproj", "{C32CD1A9-484C-46FC-B990-830F7A80DA33}"
EndProject
Project("{9A19103F-16F7-4668-BE54-9A1E7A4F7556}") = "Mobile App Student Degree Planner", "Mobile App Student Degree Planner\Mobile App Student Degree Planner.csproj", "{002E46DF-9D33-4A89-8CAD-91AE695CD988}"
EndProject
Global
	GlobalSection(SolutionConfigurationPlatforms) = preSolution
		Debug|Any CPU = Debug|Any CPU
		Debug|iPhone = Debug|iPhone
		Debug|iPhoneSimulator = Debug|iPhoneSimulator
		Release|Any CPU = Release|Any CPU
		Release|iPhone = Release|iPhone
		Release|iPhoneSimulator = Release|iPhoneSimulator
	EndGlobalSection
	GlobalSection(ProjectConfigurationPlatforms) = postSolution
		{C32CD1A9-484C-46FC-B990-830F7A80DA33}.Debug|Any CPU.ActiveCfg = Debug|Any CPU
		{C32CD1A9-484C-46FC-B990-830F7A80DA33}.Debug|Any CPU.Build.0 = Debug|Any CPU
		{C32CD1A9-484C-46FC-B990-830F7A80DA33}.Debug|Any CPU.Deploy.0 = Debug|Any CPU
		{C32CD1A9-484C-46FC-B990-830F7A80DA33}.Debug|iPhone.ActiveCfg = Debug|Any CPU
		{C32CD1A9-484C-46FC-B990-830F7A80DA33}.Debug|iPhone.Build.0 = Debug|Any CPU
		{C32CD1A9-484C-46FC-B990-830F7A80DA33}.Debug|iPhone.Deploy.0 = Debug|Any CPU
		{C32CD1A9-484C-46FC-B990-830F7A80DA33}.Debug|iPhoneSimulator.ActiveCfg = Debug|Any CPU
		{C32CD1A9-484C-46FC-B990-830F7A80DA33}.Debug|iPhoneSimulator.Build.0 = Debug|Any CPU
		{C32CD1A9-484C-46FC-B990-830F7A80DA33}.Debug|iPhoneSimulator.Deploy.0 = Debug|Any CPU
		{C32CD1A9-484C-46FC-B990-830F7A80DA33}.Release|Any CPU.ActiveCfg = Release|Any CPU
		{C32CD1A9-484C-46FC-B990-830F7A80DA33}.Release|Any CPU.Build.0 = Release|Any CPU
		{C32CD1A9-484C-46FC-B990-830F7A80DA33}.Release|Any CPU.Deploy.0 = Release|Any CPU
		{C32CD1A9-484C-46FC-B990-830F7A80DA33}.Release|iPhone.ActiveCfg = Release|Any CPU
		{C32CD1A9-484C-46FC-B990-830F7A80DA33}.Release|iPhone.Build.0 = Release|Any CPU
		{C32CD1A9-484C-46FC-B990-830F7A80DA33}.Release|iPhone.Deploy.0 = Release|Any CPU
		{C32CD1A9-484C-46FC-B990-830F7A80DA33}.Release|iPhoneSimulator.ActiveCfg = Release|Any CPU
		{C32CD1A9-484C-46FC-B990-830F7A80DA33}.Release|iPhoneSimulator.Build.0 = Release|Any CPU
		{C32CD1A9-484C-46FC-B990-830F7A80DA33}.Release|iPhoneSimulator.Deploy.0 = Release|Any CPU
		{002E46DF-9D33-4A89-8CAD-91AE695CD988}.Debug|Any CPU.ActiveCfg = Debug|Any CPU
		{002E46DF-9D33-4A89-8CAD-91AE695CD988}.Debug|Any CPU.Build.0 = Debug|Any CPU
		{002E46DF-9D33-4A89-8CAD-91AE695CD988}.Debug|Any CPU.Deploy.0 = Debug|Any CPU
		{002E46DF-9D33-4A89-8CAD-91AE695CD988}.Debug|iPhone.ActiveCfg = Debug|Any CPU
		{002E46DF-9D33-4A89-8CAD-91AE695CD988}.Debug|iPhone.Build.0 = Debug|Any CPU
		{002E46DF-9D33-4A89-8CAD-91AE695CD988}.Debug|iPhone.Deploy.0 = Debug|Any CPU
		{002E46DF-9D33-4A89-8CAD-91AE695CD988}.Debug|iPhoneSimulator.ActiveCfg = Debug|Any CPU
		{002E46DF-9D33-4A89-8CAD-91AE695CD988}.Debug|iPhoneSimulator.Build.0 = Debug|Any CPU
		{002E46DF-9D33-4A89-8CAD-91AE695CD988}.Debug|iPhoneSimulator.Deploy.0 = Debug|Any CPU
		{002E46DF-9D33-4A89-8CAD-91AE695CD988}.Release|Any CPU.ActiveCfg = Release|Any CPU
		{002E46DF-9D33-4A89-8CAD-91AE695CD988}.Release|Any CPU.Build.0 = Release|Any CPU
		{002E46DF-9D33-4A89-8CAD-91AE695CD988}.Release|Any CPU.Deploy.0 = Release|Any CPU
		{002E46DF-9D33-4A89-8CAD-91AE695CD988}.Release|iPhone.ActiveCfg = Release|Any CPU
		{002E46DF-9D33-4A89-8CAD-91AE695CD988}.Release|iPhone.Build.0 = Release|Any CPU
		{002E46DF-9D33-4A89-8CAD-91AE695CD988}.Release|iPhone.Deploy.0 = Release|Any CPU
		{002E46DF-9D33-4A89-8CAD-91AE695CD988}.Release|iPhoneSimulator.ActiveCfg = Release|Any CPU
		{002E46DF-9D33-4A89-8CAD-91AE695CD988}.Release|iPhoneSimulator.Build.0 = Release|Any CPU
		{002E46DF-9D33-4A89-8CAD-91AE695CD988}.Release|iPhoneSimulator.Deploy.0 = Release|Any CPU
	EndGlobalSection
	GlobalSection(SolutionProperties) = preSolution
		HideSolutionNode = FALSE
	EndGlobalSection
	GlobalSection(ExtensibilityGlobals) = postSolution
		SolutionGuid = {F707EB3A-35B8-4EBF-815A-48E9787BCD89}
	EndGlobalSection
EndGlobal
